
Microsoft Visual Studio Solution File, Format Version 12.00
# Visual Studio Version 17
VisualStudioVersion = 17.7.33808.371
MinimumVisualStudioVersion = 10.0.40219.1
Project("{FAE04EC0-301F-11D3-BF4B-00C04F79EFBC}") = "conduflex-api", "conduflex-api\conduflex-api.csproj", "{91F9BC9F-70C6-42E0-BEF5-5A04B11A2D8C}"
EndProject
Global
	GlobalSection(SolutionConfigurationPlatforms) = preSolution
		Debug|Any CPU = Debug|Any CPU
		Release|Any CPU = Release|Any CPU
	EndGlobalSection
	GlobalSection(ProjectConfigurationPlatforms) = postSolution
		{91F9BC9F-70C6-42E0-BEF5-5A04B11A2D8C}.Debug|Any CPU.ActiveCfg = Debug|Any CPU
		{91F9BC9F-70C6-42E0-BEF5-5A04B11A2D8C}.Debug|Any CPU.Build.0 = Debug|Any CPU
		{91F9BC9F-70C6-42E0-BEF5-5A04B11A2D8C}.Release|Any CPU.ActiveCfg = Release|Any CPU
		{91F9BC9F-70C6-42E0-BEF5-5A04B11A2D8C}.Release|Any CPU.Build.0 = Release|Any CPU
	EndGlobalSection
	GlobalSection(SolutionProperties) = preSolution
		HideSolutionNode = FALSE
	EndGlobalSection
	GlobalSection(ExtensibilityGlobals) = postSolution
		SolutionGuid = {F6EFC728-AE27-4045-A6CF-8B86CDC3B93D}
	EndGlobalSection
EndGlobal
